
Microsoft Visual Studio Solution File, Format Version 12.00
# Visual Studio Version 17
VisualStudioVersion = 17.6.33801.468
MinimumVisualStudioVersion = 10.0.40219.1
Project("{FAE04EC0-301F-11D3-BF4B-00C04F79EFBC}") = "Bretxa's Discord Rich Presence", "Bretxa's Discord Rich Presence.csproj", "{172B3577-B57F-43CC-BE73-796B5AE3FF60}"
EndProject
Global
	GlobalSection(SolutionConfigurationPlatforms) = preSolution
		Debug|Any CPU = Debug|Any CPU
		Release|Any CPU = Release|Any CPU
	EndGlobalSection
	GlobalSection(ProjectConfigurationPlatforms) = postSolution
		{172B3577-B57F-43CC-BE73-796B5AE3FF60}.Debug|Any CPU.ActiveCfg = Debug|Any CPU
		{172B3577-B57F-43CC-BE73-796B5AE3FF60}.Debug|Any CPU.Build.0 = Debug|Any CPU
		{172B3577-B57F-43CC-BE73-796B5AE3FF60}.Release|Any CPU.ActiveCfg = Release|Any CPU
		{172B3577-B57F-43CC-BE73-796B5AE3FF60}.Release|Any CPU.Build.0 = Release|Any CPU
	EndGlobalSection
	GlobalSection(SolutionProperties) = preSolution
		HideSolutionNode = FALSE
	EndGlobalSection
	GlobalSection(ExtensibilityGlobals) = postSolution
		SolutionGuid = {D66D2A2A-0CC6-492C-B41C-0C51EDDF1B09}
	EndGlobalSection
EndGlobal
